
Microsoft Visual Studio Solution File, Format Version 12.00
Project("{FAE04EC0-301F-11D3-BF4B-00C04F79EFBC}") = "HelloMicroservice", "HelloMicroservice\HelloMicroservice.csproj", "{1468B174-B97B-47FD-84CE-61E123969E32}"
EndProject
Global
	GlobalSection(SolutionConfigurationPlatforms) = preSolution
		Debug|Any CPU = Debug|Any CPU
		Release|Any CPU = Release|Any CPU
	EndGlobalSection
	GlobalSection(ProjectConfigurationPlatforms) = postSolution
		{1468B174-B97B-47FD-84CE-61E123969E32}.Debug|Any CPU.ActiveCfg = Debug|Any CPU
		{1468B174-B97B-47FD-84CE-61E123969E32}.Debug|Any CPU.Build.0 = Debug|Any CPU
		{1468B174-B97B-47FD-84CE-61E123969E32}.Release|Any CPU.ActiveCfg = Release|Any CPU
		{1468B174-B97B-47FD-84CE-61E123969E32}.Release|Any CPU.Build.0 = Release|Any CPU
	EndGlobalSection
EndGlobal
